# This file is autogenerated, do not edit; changes may be undone by the next 'dep ensure'.


[[projects]]
  name = "github.com/DataDog/datadog-go"
  packages = ["statsd"]
  revision = "9487d3a9d3be5bf3cf60b86ae810b97926964515"
  version = "2.0.0"

[[projects]]
  name = "github.com/agext/levenshtein"
  packages = ["."]
  revision = "5f10fee965225ac1eecdc234c09daf5cd9e7f7b6"
  version = "v1.2.1"

[[projects]]
  branch = "master"
  name = "github.com/apparentlymart/go-textseg"
  packages = ["textseg"]
  revision = "b836f5c4d331d1945a2fead7188db25432d73b69"

[[projects]]
  name = "github.com/gogo/protobuf"
  packages = ["gogoproto","proto","protoc-gen-gogo/descriptor"]
  revision = "1adfc126b41513cc696b209667c8656ea7aac67c"
  version = "v1.0.0"

[[projects]]
  branch = "master"
  name = "github.com/hashicorp/go-hclog"
  packages = ["."]
  revision = "5bcb0f17e36442247290887cc914a6e507afa5c4"

[[projects]]
  branch = "master"
  name = "github.com/hashicorp/hcl2"
  packages = ["gohcl","hcl","hcl/hclsyntax","hcl/json","hclparse"]
  revision = "92456935b84870414bc208a88b12d0f99c1a0638"

[[projects]]
  branch = "master"
  name = "github.com/matryer/is"
  packages = ["."]
  revision = "ddfea1427ac856b36d12518423447a1aedbb07ee"

[[projects]]
  branch = "master"
  name = "github.com/mitchellh/go-wordwrap"
  packages = ["."]
  revision = "ad45545899c7b13c020ea92b2072220eefad42b8"

[[projects]]
  name = "github.com/nats-io/go-nats"
  packages = [".","encoders/builtin","util"]
  revision = "d66cb54e6b7bdd93f0b28afc8450d84c780dfb68"
  version = "v1.4.0"

[[projects]]
  name = "github.com/nats-io/go-nats-streaming"
  packages = [".","pb"]
  revision = "6e620057a207bd61e992c1c5b6a2de7b6a4cb010"
  version = "v0.3.4"

[[projects]]
  name = "github.com/nats-io/nuid"
  packages = ["."]
  revision = "289cccf02c178dc782430d534e3c1f5b72af807f"
  version = "v1.0.0"

[[projects]]
  branch = "master"
  name = "github.com/zclconf/go-cty"
  packages = ["cty","cty/convert","cty/function","cty/function/stdlib","cty/gocty","cty/json","cty/set"]
  revision = "49fa5e03c418f95f78684c91e155af06aa901a32"

[[projects]]
  name = "golang.org/x/text"
  packages = ["internal/gen","internal/triegen","internal/ucd","transform","unicode/cldr","unicode/norm"]
  revision = "f21a4dfb5e38f5895301dc265a8def02365cc3d0"
  version = "v0.3.0"

[solve-meta]
  analyzer-name = "dep"
  analyzer-version = 1
  inputs-digest = "f95b8c7972dd7a1758ca45acd6260e0fadba2b8858675dd658e6dd1112f06c61"
  solver-name = "gps-cdcl"
  solver-version = 1
